<?xml version="1.0" encoding="utf-8"?>
<Project ToolsVersion="4.0" xmlns="http://schemas.microsoft.com/developer/msbuild/2003">
  <ItemGroup>
    <Filter Include="Source Files">
      <UniqueIdentifier>{4FC737F1-C7A5-4376-A066-2A32D752A2FF}</UniqueIdentifier>
      <Extensions>cpp;c;cxx;def;odl;idl;hpj;bat;asm;asmx</Extensions>
    </Filter>
    <Filter Include="Header Files">
      <UniqueIdentifier>{93995380-89BD-4b04-88EB-625FBE52EBFB}</UniqueIdentifier>
      <Extensions>h;hpp;hxx;hm;inl;inc;xsd</Extensions>
    </Filter>
    <Filter Include="Form Files">
      <UniqueIdentifier>{99349809-55BA-4b9d-BF79-8FDBB0286EB3}</UniqueIdentifier>
      <Extensions>ui</Extensions>
      <ParseFiles>false</ParseFiles>
    </Filter>
    <Filter Include="Form Files\Generated Files">
      <UniqueIdentifier>{71ED8ED8-ACB9-4CE9-BBE1-E00B30144E11}</UniqueIdentifier>
      <Extensions>cpp;c;cxx;moc;h;def;odl;idl;res;</Extensions>
    </Filter>
    <Filter Include="Form Files\Generated Files\Debug_Win32">
      <UniqueIdentifier>{74cc6f33-c254-4416-8b37-b994500cfec8}</UniqueIdentifier>
      <Extensions>cpp;moc</Extensions>
      <SourceControlFiles>False</SourceControlFiles>
    </Filter>
    <Filter Include="Form Files\Generated Files\Debug_x64">
      <UniqueIdentifier>{d245b837-daee-4d91-a0ff-0a95abee3275}</UniqueIdentifier>
      <Extensions>cpp;moc</Extensions>
      <SourceControlFiles>False</SourceControlFiles>
    </Filter>
    <Filter Include="Form Files\Generated Files\Release_Win32">
      <UniqueIdentifier>{ffab40d0-3e08-4a90-857c-d9c90e79577a}</UniqueIdentifier>
      <Extensions>cpp;moc</Extensions>
      <SourceControlFiles>False</SourceControlFiles>
    </Filter>
    <Filter Include="Form Files\Generated Files\Release_x64">
      <UniqueIdentifier>{3ae95596-746f-4004-b223-6a2039c0f97a}</UniqueIdentifier>
      <Extensions>cpp;moc</Extensions>
      <SourceControlFiles>False</SourceControlFiles>
    </Filter>
    <Filter Include="Resource Files">
      <UniqueIdentifier>{D9D6E242-F8AF-46E4-B9FD-80ECBC20BA3E}</UniqueIdentifier>
      <Extensions>qrc;*</Extensions>
      <ParseFiles>false</ParseFiles>
    </Filter>
    <Filter Include="Form Files\Generated Files\Template_Win32">
      <UniqueIdentifier>{b522a22b-51d9-4d2c-b5fd-ad51d8372da3}</UniqueIdentifier>
      <Extensions>cpp;moc</Extensions>
      <SourceControlFiles>False</SourceControlFiles>
    </Filter>
    <Filter Include="Form Files\Generated Files\Template_x64">
      <UniqueIdentifier>{bdd58f56-cde6-4395-9151-571eb58143c2}</UniqueIdentifier>
      <Extensions>cpp;moc</Extensions>
      <SourceControlFiles>False</SourceControlFiles>
    </Filter>
  </ItemGroup>
  <ItemGroup>
    <ClCompile Include="hidcalibratedialog.cpp">
      <Filter>Source Files</Filter>
    </ClCompile>
    <ClCompile Include="hidcapturethread.cpp">
      <Filter>Source Files</Filter>
    </ClCompile>
    <ClCompile Include="renderarea.cpp">
      <Filter>Source Files</Filter>
    </ClCompile>
    <ClCompile Include="stdafx.cpp">
      <Filter>Source Files</Filter>
    </ClCompile>
    <ClCompile Include="usbhiddevice.cpp">
      <Filter>Source Files</Filter>
    </ClCompile>
    <ClCompile Include="usbhiddevice_dialog.cpp">
      <Filter>Source Files</Filter>
    </ClCompile>
    <ClCompile Include="usbhiddeviceplugin.cpp">
      <Filter>Source Files</Filter>
    </ClCompile>
    <ClCompile Include="..\Build_MSVC\Qt\Win32\Debug\Moc\moc_USBHIDDevice_dialog.cpp">
      <Filter>Form Files\Generated Files\Debug_Win32</Filter>
    </ClCompile>
    <ClCompile Include="..\Build_MSVC\Qt\x64\Debug\Moc\moc_USBHIDDevice_dialog.cpp">
      <Filter>Form Files\Generated Files\Debug_x64</Filter>
    </ClCompile>
    <ClCompile Include="..\Build_MSVC\Qt\Win32\Release\Moc\moc_USBHIDDevice_dialog.cpp">
      <Filter>Form Files\Generated Files\Release_Win32</Filter>
    </ClCompile>
    <ClCompile Include="..\Build_MSVC\Qt\x64\Release\Moc\moc_USBHIDDevice_dialog.cpp">
      <Filter>Form Files\Generated Files\Release_x64</Filter>
    </ClCompile>
    <ClCompile Include="..\Build_MSVC\Qt\Win32\Template\Moc\moc_USBHIDDevice_dialog.cpp">
      <Filter>Form Files\Generated Files\Template_Win32</Filter>
    </ClCompile>
    <ClCompile Include="..\Build_MSVC\Qt\x64\Template\Moc\moc_USBHIDDevice_dialog.cpp">
      <Filter>Form Files\Generated Files\Template_x64</Filter>
    </ClCompile>
    <ClCompile Include="..\Build_MSVC\Qt\Win32\Debug\Moc\moc_USBHIDDeviceplugin.cpp">
      <Filter>Form Files\Generated Files\Debug_Win32</Filter>
    </ClCompile>
    <ClCompile Include="..\Build_MSVC\Qt\x64\Debug\Moc\moc_USBHIDDeviceplugin.cpp">
      <Filter>Form Files\Generated Files\Debug_x64</Filter>
    </ClCompile>
    <ClCompile Include="..\Build_MSVC\Qt\Win32\Release\Moc\moc_USBHIDDeviceplugin.cpp">
      <Filter>Form Files\Generated Files\Release_Win32</Filter>
    </ClCompile>
    <ClCompile Include="..\Build_MSVC\Qt\x64\Release\Moc\moc_USBHIDDeviceplugin.cpp">
      <Filter>Form Files\Generated Files\Release_x64</Filter>
    </ClCompile>
    <ClCompile Include="..\Build_MSVC\Qt\Win32\Template\Moc\moc_USBHIDDeviceplugin.cpp">
      <Filter>Form Files\Generated Files\Template_Win32</Filter>
    </ClCompile>
    <ClCompile Include="..\Build_MSVC\Qt\x64\Template\Moc\moc_USBHIDDeviceplugin.cpp">
      <Filter>Form Files\Generated Files\Template_x64</Filter>
    </ClCompile>
    <ClCompile Include="..\Build_MSVC\Qt\Win32\Debug\Moc\moc_USBHIDDevice.cpp">
      <Filter>Form Files\Generated Files\Debug_Win32</Filter>
    </ClCompile>
    <ClCompile Include="..\Build_MSVC\Qt\x64\Debug\Moc\moc_USBHIDDevice.cpp">
      <Filter>Form Files\Generated Files\Debug_x64</Filter>
    </ClCompile>
    <ClCompile Include="..\Build_MSVC\Qt\Win32\Release\Moc\moc_USBHIDDevice.cpp">
      <Filter>Form Files\Generated Files\Release_Win32</Filter>
    </ClCompile>
    <ClCompile Include="..\Build_MSVC\Qt\x64\Release\Moc\moc_USBHIDDevice.cpp">
      <Filter>Form Files\Generated Files\Release_x64</Filter>
    </ClCompile>
    <ClCompile Include="..\Build_MSVC\Qt\Win32\Template\Moc\moc_USBHIDDevice.cpp">
      <Filter>Form Files\Generated Files\Template_Win32</Filter>
    </ClCompile>
    <ClCompile Include="..\Build_MSVC\Qt\x64\Template\Moc\moc_USBHIDDevice.cpp">
      <Filter>Form Files\Generated Files\Template_x64</Filter>
    </ClCompile>
    <ClCompile Include="..\Build_MSVC\Qt\Win32\Debug\Moc\moc_renderarea.cpp">
      <Filter>Form Files\Generated Files\Debug_Win32</Filter>
    </ClCompile>
    <ClCompile Include="..\Build_MSVC\Qt\x64\Debug\Moc\moc_renderarea.cpp">
      <Filter>Form Files\Generated Files\Debug_x64</Filter>
    </ClCompile>
    <ClCompile Include="..\Build_MSVC\Qt\Win32\Release\Moc\moc_renderarea.cpp">
      <Filter>Form Files\Generated Files\Release_Win32</Filter>
    </ClCompile>
    <ClCompile Include="..\Build_MSVC\Qt\x64\Release\Moc\moc_renderarea.cpp">
      <Filter>Form Files\Generated Files\Release_x64</Filter>
    </ClCompile>
    <ClCompile Include="..\Build_MSVC\Qt\Win32\Template\Moc\moc_renderarea.cpp">
      <Filter>Form Files\Generated Files\Template_Win32</Filter>
    </ClCompile>
    <ClCompile Include="..\Build_MSVC\Qt\x64\Template\Moc\moc_renderarea.cpp">
      <Filter>Form Files\Generated Files\Template_x64</Filter>
    </ClCompile>
    <ClCompile Include="..\Build_MSVC\Qt\Win32\Debug\Moc\moc_hidcapturethread.cpp">
      <Filter>Form Files\Generated Files\Debug_Win32</Filter>
    </ClCompile>
    <ClCompile Include="..\Build_MSVC\Qt\x64\Debug\Moc\moc_hidcapturethread.cpp">
      <Filter>Form Files\Generated Files\Debug_x64</Filter>
    </ClCompile>
    <ClCompile Include="..\Build_MSVC\Qt\Win32\Release\Moc\moc_hidcapturethread.cpp">
      <Filter>Form Files\Generated Files\Release_Win32</Filter>
    </ClCompile>
    <ClCompile Include="..\Build_MSVC\Qt\x64\Release\Moc\moc_hidcapturethread.cpp">
      <Filter>Form Files\Generated Files\Release_x64</Filter>
    </ClCompile>
    <ClCompile Include="..\Build_MSVC\Qt\Win32\Template\Moc\moc_hidcapturethread.cpp">
      <Filter>Form Files\Generated Files\Template_Win32</Filter>
    </ClCompile>
    <ClCompile Include="..\Build_MSVC\Qt\x64\Template\Moc\moc_hidcapturethread.cpp">
      <Filter>Form Files\Generated Files\Template_x64</Filter>
    </ClCompile>
    <ClCompile Include="..\Build_MSVC\Qt\Win32\Debug\Moc\moc_hidcalibratedialog.cpp">
      <Filter>Form Files\Generated Files\Debug_Win32</Filter>
    </ClCompile>
    <ClCompile Include="..\Build_MSVC\Qt\x64\Debug\Moc\moc_hidcalibratedialog.cpp">
      <Filter>Form Files\Generated Files\Debug_x64</Filter>
    </ClCompile>
    <ClCompile Include="..\Build_MSVC\Qt\Win32\Release\Moc\moc_hidcalibratedialog.cpp">
      <Filter>Form Files\Generated Files\Release_Win32</Filter>
    </ClCompile>
    <ClCompile Include="..\Build_MSVC\Qt\x64\Release\Moc\moc_hidcalibratedialog.cpp">
      <Filter>Form Files\Generated Files\Release_x64</Filter>
    </ClCompile>
    <ClCompile Include="..\Build_MSVC\Qt\Win32\Template\Moc\moc_hidcalibratedialog.cpp">
      <Filter>Form Files\Generated Files\Template_Win32</Filter>
    </ClCompile>
    <ClCompile Include="..\Build_MSVC\Qt\x64\Template\Moc\moc_hidcalibratedialog.cpp">
      <Filter>Form Files\Generated Files\Template_x64</Filter>
    </ClCompile>
  </ItemGroup>
  <ItemGroup>
    <ClInclude Include="global.h">
      <Filter>Header Files</Filter>
    </ClInclude>
    <ClInclude Include="hidapi.h">
      <Filter>Header Files</Filter>
    </ClInclude>
    <ClInclude Include="stdafx.h">
      <Filter>Header Files</Filter>
    </ClInclude>
    <ClInclude Include="resource.h">
      <Filter>Header Files</Filter>
    </ClInclude>
    <ClInclude Include="defines.h">
      <Filter>Header Files</Filter>
    </ClInclude>
    <ClInclude Include="..\..\BrainStim\plugininterface.h">
      <Filter>Header Files</Filter>
    </ClInclude>
    <ClInclude Include="..\Build_MSVC\Qt\$(PlatformName)\$(ConfigurationName)\GeneratedFiles\ui_hidcalibratedialog.h">
      <Filter>Form Files\Generated Files</Filter>
    </ClInclude>
    <ClInclude Include="..\Build_MSVC\Qt\$(PlatformName)\$(ConfigurationName)\GeneratedFiles\ui_USBHIDDevice_dialog.h">
      <Filter>Form Files\Generated Files</Filter>
    </ClInclude>
  </ItemGroup>
  <ItemGroup>
    <CustomBuild Include="hidcalibratedialog.h">
      <Filter>Header Files</Filter>
    </CustomBuild>
    <CustomBuild Include="hidcapturethread.h">
      <Filter>Header Files</Filter>
    </CustomBuild>
    <CustomBuild Include="renderarea.h">
      <Filter>Header Files</Filter>
    </CustomBuild>
    <CustomBuild Include="usbhiddevice.h">
      <Filter>Header Files</Filter>
    </CustomBuild>
    <CustomBuild Include="usbhiddevice_dialog.h">
      <Filter>Header Files</Filter>
    </CustomBuild>
    <CustomBuild Include="usbhiddeviceplugin.h">
      <Filter>Header Files</Filter>
    </CustomBuild>
    <CustomBuild Include="hidcalibratedialog.ui">
      <Filter>Form Files</Filter>
    </CustomBuild>
    <CustomBuild Include="usbhiddevice_dialog.ui">
      <Filter>Form Files</Filter>
    </CustomBuild>
  </ItemGroup>
  <ItemGroup>
    <ResourceCompile Include="usbhiddeviceplugin.rc" />
  </ItemGroup>
  <ItemGroup>
    <None Include="licenseheader.licenseheader" />
    <None Include="usbhiddevice.json" />
  </ItemGroup>
</Project>